{
  "name": "saas",
  "lockfileVersion": 3,
  "requires": true,
  "packages": {
    "": {
      "dependencies": {
        "tw-animate-css": "^1.3.4"
      }
    },
    "node_modules/tw-animate-css": {
      "version": "1.3.4",
      "resolved": "https://registry.npmjs.org/tw-animate-css/-/tw-animate-css-1.3.4.tgz",
      "integrity": "sha512-dd1Ht6/YQHcNbq0znIT6dG8uhO7Ce+VIIhZUhjsryXsMPJQz3bZg7Q2eNzLwipb25bRZslGb2myio5mScd1TFg==",
      "license": "MIT",
      "funding": {
        "url": "https://github.com/sponsors/Wombosvideo"
      }
    }
  }
}
